
Microsoft Visual Studio Solution File, Format Version 12.00
# Visual Studio Version 17
VisualStudioVersion = 17.7.34221.43
MinimumVisualStudioVersion = 10.0.40219.1
Project("{FAE04EC0-301F-11D3-BF4B-00C04F79EFBC}") = "Konsola", "Konsola\Konsola.csproj", "{6CDA25B2-90F2-483A-A957-ECD466C5A38C}"
EndProject
Global
	GlobalSection(SolutionConfigurationPlatforms) = preSolution
		Debug|Any CPU = Debug|Any CPU
		Release|Any CPU = Release|Any CPU
	EndGlobalSection
	GlobalSection(ProjectConfigurationPlatforms) = postSolution
		{6CDA25B2-90F2-483A-A957-ECD466C5A38C}.Debug|Any CPU.ActiveCfg = Debug|Any CPU
		{6CDA25B2-90F2-483A-A957-ECD466C5A38C}.Debug|Any CPU.Build.0 = Debug|Any CPU
		{6CDA25B2-90F2-483A-A957-ECD466C5A38C}.Release|Any CPU.ActiveCfg = Release|Any CPU
		{6CDA25B2-90F2-483A-A957-ECD466C5A38C}.Release|Any CPU.Build.0 = Release|Any CPU
	EndGlobalSection
	GlobalSection(SolutionProperties) = preSolution
		HideSolutionNode = FALSE
	EndGlobalSection
	GlobalSection(ExtensibilityGlobals) = postSolution
		SolutionGuid = {86E793CE-70B5-4C0F-9557-677E5F9C1450}
	EndGlobalSection
EndGlobal
